
Microsoft Visual Studio Solution File, Format Version 12.00
# Visual Studio Version 16
VisualStudioVersion = 16.0.32413.511
MinimumVisualStudioVersion = 10.0.40219.1
Project("{FAE04EC0-301F-11D3-BF4B-00C04F79EFBC}") = "Sierra", "Sierra\Sierra.csproj", "{83E15090-013A-4820-8418-A6CF5E321B2F}"
EndProject
Global
	GlobalSection(SolutionConfigurationPlatforms) = preSolution
		Debug|Any CPU = Debug|Any CPU
		Release|Any CPU = Release|Any CPU
	EndGlobalSection
	GlobalSection(ProjectConfigurationPlatforms) = postSolution
		{83E15090-013A-4820-8418-A6CF5E321B2F}.Debug|Any CPU.ActiveCfg = Debug|Any CPU
		{83E15090-013A-4820-8418-A6CF5E321B2F}.Debug|Any CPU.Build.0 = Debug|Any CPU
		{83E15090-013A-4820-8418-A6CF5E321B2F}.Release|Any CPU.ActiveCfg = Release|Any CPU
		{83E15090-013A-4820-8418-A6CF5E321B2F}.Release|Any CPU.Build.0 = Release|Any CPU
	EndGlobalSection
	GlobalSection(SolutionProperties) = preSolution
		HideSolutionNode = FALSE
	EndGlobalSection
	GlobalSection(ExtensibilityGlobals) = postSolution
		SolutionGuid = {9E6AF6FD-AAF0-498F-B167-08F184C156C1}
	EndGlobalSection
EndGlobal
